
Microsoft Visual Studio Solution File, Format Version 12.00
# Visual Studio 15
VisualStudioVersion = 15.0.28307.960
MinimumVisualStudioVersion = 10.0.40219.1
Project("{FAE04EC0-301F-11D3-BF4B-00C04F79EFBC}") = "ConsoleApp3", "ConsoleApp3\ConsoleApp3.csproj", "{6866ED71-6693-4119-8CF0-1992499D01E2}"
EndProject
Global
	GlobalSection(SolutionConfigurationPlatforms) = preSolution
		Debug|Any CPU = Debug|Any CPU
		Release|Any CPU = Release|Any CPU
	EndGlobalSection
	GlobalSection(ProjectConfigurationPlatforms) = postSolution
		{6866ED71-6693-4119-8CF0-1992499D01E2}.Debug|Any CPU.ActiveCfg = Debug|Any CPU
		{6866ED71-6693-4119-8CF0-1992499D01E2}.Debug|Any CPU.Build.0 = Debug|Any CPU
		{6866ED71-6693-4119-8CF0-1992499D01E2}.Release|Any CPU.ActiveCfg = Release|Any CPU
		{6866ED71-6693-4119-8CF0-1992499D01E2}.Release|Any CPU.Build.0 = Release|Any CPU
	EndGlobalSection
	GlobalSection(SolutionProperties) = preSolution
		HideSolutionNode = FALSE
	EndGlobalSection
	GlobalSection(ExtensibilityGlobals) = postSolution
		SolutionGuid = {9AED7F12-EC15-40BA-89F6-2453007C3704}
	EndGlobalSection
EndGlobal
